<?xml version="1.0" encoding="utf-8"?>
<Project ToolsVersion="17.0" xmlns="http://schemas.microsoft.com/developer/msbuild/2003">
  <ItemGroup>
    <ClCompile Include="C:\Users\pc\low-altitude-traffic-system\backend\src\auth\JwtService.cpp">
      <Filter>Source Files</Filter>
    </ClCompile>
    <ClCompile Include="C:\Users\pc\low-altitude-traffic-system\backend\src\config\Config.cpp">
      <Filter>Source Files</Filter>
    </ClCompile>
    <ClCompile Include="C:\Users\pc\low-altitude-traffic-system\backend\src\controllers\AuthController.cpp">
      <Filter>Source Files</Filter>
    </ClCompile>
    <ClCompile Include="C:\Users\pc\low-altitude-traffic-system\backend\src\database\DatabaseManager.cpp">
      <Filter>Source Files</Filter>
    </ClCompile>
    <ClCompile Include="C:\Users\pc\low-altitude-traffic-system\backend\src\models\User.cpp">
      <Filter>Source Files</Filter>
    </ClCompile>
    <ClCompile Include="C:\Users\pc\low-altitude-traffic-system\backend\src\repositories\BaseRepository.cpp">
      <Filter>Source Files</Filter>
    </ClCompile>
    <ClCompile Include="C:\Users\pc\low-altitude-traffic-system\backend\src\repositories\UserRepository.cpp">
      <Filter>Source Files</Filter>
    </ClCompile>
    <ClCompile Include="C:\Users\pc\low-altitude-traffic-system\backend\src\server\HttpServer.cpp">
      <Filter>Source Files</Filter>
    </ClCompile>
    <ClCompile Include="C:\Users\pc\low-altitude-traffic-system\backend\src\utils\HttpResponse.cpp">
      <Filter>Source Files</Filter>
    </ClCompile>
  </ItemGroup>
  <ItemGroup>
    <ClInclude Include="C:\Users\pc\low-altitude-traffic-system\backend\src\auth\JwtService.h">
      <Filter>Header Files</Filter>
    </ClInclude>
    <ClInclude Include="C:\Users\pc\low-altitude-traffic-system\backend\src\config\Config.h">
      <Filter>Header Files</Filter>
    </ClInclude>
    <ClInclude Include="C:\Users\pc\low-altitude-traffic-system\backend\src\controllers\AuthController.h">
      <Filter>Header Files</Filter>
    </ClInclude>
    <ClInclude Include="C:\Users\pc\low-altitude-traffic-system\backend\src\database\DatabaseManager.h">
      <Filter>Header Files</Filter>
    </ClInclude>
    <ClInclude Include="C:\Users\pc\low-altitude-traffic-system\backend\src\models\User.h">
      <Filter>Header Files</Filter>
    </ClInclude>
    <ClInclude Include="C:\Users\pc\low-altitude-traffic-system\backend\src\repositories\BaseRepository.h">
      <Filter>Header Files</Filter>
    </ClInclude>
    <ClInclude Include="C:\Users\pc\low-altitude-traffic-system\backend\src\repositories\UserRepository.h">
      <Filter>Header Files</Filter>
    </ClInclude>
    <ClInclude Include="C:\Users\pc\low-altitude-traffic-system\backend\src\server\HttpServer.h">
      <Filter>Header Files</Filter>
    </ClInclude>
    <ClInclude Include="C:\Users\pc\low-altitude-traffic-system\backend\src\utils\HttpResponse.h">
      <Filter>Header Files</Filter>
    </ClInclude>
  </ItemGroup>
  <ItemGroup>
    <CustomBuild Include="C:\Users\pc\low-altitude-traffic-system\backend\CMakeLists.txt" />
  </ItemGroup>
  <ItemGroup>
    <Natvis Include="C:\Users\pc\low-altitude-traffic-system\vcpkg\installed\x64-windows\share\nlohmann_json\nlohmann_json.natvis" />
  </ItemGroup>
  <ItemGroup>
    <Filter Include="Header Files">
      <UniqueIdentifier>{F56FF830-C0C6-358A-BACF-BF161019242E}</UniqueIdentifier>
    </Filter>
    <Filter Include="Source Files">
      <UniqueIdentifier>{31C603C1-18E6-3802-A85F-E5A12512C78C}</UniqueIdentifier>
    </Filter>
  </ItemGroup>
</Project>
